{
  "name": "pixel-forge-desktop",
  "version": "0.1.0",
  "lockfileVersion": 3,
  "requires": true,
  "packages": {
    "": {
      "name": "pixel-forge-desktop",
      "version": "0.1.0",
      "dependencies": {
        "electron": "^41.0.2"
      }
    },
    "../../node_modules/.pnpm/electron@41.0.2/node_modules/electron": {
      "version": "41.0.2",
      "hasInstallScript": true,
      "license": "MIT",
      "dependencies": {
        "@electron/get": "^2.0.0",
        "@types/node": "^24.9.0",
        "extract-zip": "^2.0.1"
      },
      "bin": {
        "electron": "cli.js"
      },
      "engines": {
        "node": ">= 12.20.55"
      }
    },
    "node_modules/electron": {
      "resolved": "../../node_modules/.pnpm/electron@41.0.2/node_modules/electron",
      "link": true
    }
  }
}
